// !$*UTF8*$!
{
	archiveVersion = 1;
	classes = {
	};
	objectVersion = 55;
	objects = {

/* Begin PBXBuildFile section */
		157D3E4B27F6B69C005E8B55 /* SwiftUISettingsApp.swift in Sources */ = {isa = PBXBuildFile; fileRef = 157D3E3B27F6B699005E8B55 /* SwiftUISettingsApp.swift */; };
		157D3E4C27F6B69C005E8B55 /* SwiftUISettingsApp.swift in Sources */ = {isa = PBXBuildFile; fileRef = 157D3E3B27F6B699005E8B55 /* SwiftUISettingsApp.swift */; };
		157D3E4D27F6B69C005E8B55 /* SettingsView.swift in Sources */ = {isa = PBXBuildFile; fileRef = 157D3E3C27F6B699005E8B55 /* SettingsView.swift */; };
		157D3E4E27F6B69C005E8B55 /* SettingsView.swift in Sources */ = {isa = PBXBuildFile; fileRef = 157D3E3C27F6B699005E8B55 /* SettingsView.swift */; };
		157D3E4F27F6B69C005E8B55 /* Assets.xcassets in Resources */ = {isa = PBXBuildFile; fileRef = 157D3E3D27F6B69C005E8B55 /* Assets.xcassets */; };
		157D3E5027F6B69C005E8B55 /* Assets.xcassets in Resources */ = {isa = PBXBuildFile; fileRef = 157D3E3D27F6B69C005E8B55 /* Assets.xcassets */; };
		157D3E5A27F6CA2A005E8B55 /* SettingsViewModel.swift in Sources */ = {isa = PBXBuildFile; fileRef = 157D3E5927F6CA2A005E8B55 /* SettingsViewModel.swift */; };
		157D3E5B27F6CA2A005E8B55 /* SettingsViewModel.swift in Sources */ = {isa = PBXBuildFile; fileRef = 157D3E5927F6CA2A005E8B55 /* SettingsViewModel.swift */; };
		157D3E5D27F6D759005E8B55 /* SettingsManager.swift in Sources */ = {isa = PBXBuildFile; fileRef = 157D3E5C27F6D759005E8B55 /* SettingsManager.swift */; };
		157D3E5E27F6D759005E8B55 /* SettingsManager.swift in Sources */ = {isa = PBXBuildFile; fileRef = 157D3E5C27F6D759005E8B55 /* SettingsManager.swift */; };
		157D3E6027F6E434005E8B55 /* AlertView.swift in Sources */ = {isa = PBXBuildFile; fileRef = 157D3E5F27F6E434005E8B55 /* AlertView.swift */; };
		157D3E6127F6E434005E8B55 /* AlertView.swift in Sources */ = {isa = PBXBuildFile; fileRef = 157D3E5F27F6E434005E8B55 /* AlertView.swift */; };
		157D3E6427F6E89E005E8B55 /* AlertViewModel.swift in Sources */ = {isa = PBXBuildFile; fileRef = 157D3E6327F6E89E005E8B55 /* AlertViewModel.swift */; };
		157D3E6527F6E89E005E8B55 /* AlertViewModel.swift in Sources */ = {isa = PBXBuildFile; fileRef = 157D3E6327F6E89E005E8B55 /* AlertViewModel.swift */; };
		15CF813C280943D5009C346F /* ExperimentsManager.swift in Sources */ = {isa = PBXBuildFile; fileRef = 15CF813B280943D5009C346F /* ExperimentsManager.swift */; };
		15CF813D280943D5009C346F /* ExperimentsManager.swift in Sources */ = {isa = PBXBuildFile; fileRef = 15CF813B280943D5009C346F /* ExperimentsManager.swift */; };
		15CF813F28094D2F009C346F /* Experiment.swift in Sources */ = {isa = PBXBuildFile; fileRef = 15CF813E28094D2F009C346F /* Experiment.swift */; };
		15CF814028094D2F009C346F /* Experiment.swift in Sources */ = {isa = PBXBuildFile; fileRef = 15CF813E28094D2F009C346F /* Experiment.swift */; };
		15CF8143280957D4009C346F /* ExperimentViewModel.swift in Sources */ = {isa = PBXBuildFile; fileRef = 15CF8142280957D4009C346F /* ExperimentViewModel.swift */; };
		15CF8144280957D4009C346F /* ExperimentViewModel.swift in Sources */ = {isa = PBXBuildFile; fileRef = 15CF8142280957D4009C346F /* ExperimentViewModel.swift */; };
		15CF81462809808E009C346F /* ActionSheetButton.swift in Sources */ = {isa = PBXBuildFile; fileRef = 15CF81452809808E009C346F /* ActionSheetButton.swift */; };
		15CF81472809808E009C346F /* ActionSheetButton.swift in Sources */ = {isa = PBXBuildFile; fileRef = 15CF81452809808E009C346F /* ActionSheetButton.swift */; };
/* End PBXBuildFile section */

/* Begin PBXFileReference section */
		157D3E3B27F6B699005E8B55 /* SwiftUISettingsApp.swift */ = {isa = PBXFileReference; lastKnownFileType = sourcecode.swift; path = SwiftUISettingsApp.swift; sourceTree = "<group>"; };
		157D3E3C27F6B699005E8B55 /* SettingsView.swift */ = {isa = PBXFileReference; lastKnownFileType = sourcecode.swift; path = SettingsView.swift; sourceTree = "<group>"; };
		157D3E3D27F6B69C005E8B55 /* Assets.xcassets */ = {isa = PBXFileReference; lastKnownFileType = folder.assetcatalog; path = Assets.xcassets; sourceTree = "<group>"; };
		157D3E4227F6B69C005E8B55 /* SwiftUISettings.app */ = {isa = PBXFileReference; explicitFileType = wrapper.application; includeInIndex = 0; path = SwiftUISettings.app; sourceTree = BUILT_PRODUCTS_DIR; };
		157D3E4827F6B69C005E8B55 /* SwiftUISettings.app */ = {isa = PBXFileReference; explicitFileType = wrapper.application; includeInIndex = 0; path = SwiftUISettings.app; sourceTree = BUILT_PRODUCTS_DIR; };
		157D3E4A27F6B69C005E8B55 /* macOS.entitlements */ = {isa = PBXFileReference; lastKnownFileType = text.plist.entitlements; path = macOS.entitlements; sourceTree = "<group>"; };
		157D3E5927F6CA2A005E8B55 /* SettingsViewModel.swift */ = {isa = PBXFileReference; lastKnownFileType = sourcecode.swift; path = SettingsViewModel.swift; sourceTree = "<group>"; };
		157D3E5C27F6D759005E8B55 /* SettingsManager.swift */ = {isa = PBXFileReference; lastKnownFileType = sourcecode.swift; path = SettingsManager.swift; sourceTree = "<group>"; };
		157D3E5F27F6E434005E8B55 /* AlertView.swift */ = {isa = PBXFileReference; lastKnownFileType = sourcecode.swift; path = AlertView.swift; sourceTree = "<group>"; };
		157D3E6327F6E89E005E8B55 /* AlertViewModel.swift */ = {isa = PBXFileReference; lastKnownFileType = sourcecode.swift; path = AlertViewModel.swift; sourceTree = "<group>"; };
		15CF813B280943D5009C346F /* ExperimentsManager.swift */ = {isa = PBXFileReference; lastKnownFileType = sourcecode.swift; path = ExperimentsManager.swift; sourceTree = "<group>"; };
		15CF813E28094D2F009C346F /* Experiment.swift */ = {isa = PBXFileReference; lastKnownFileType = sourcecode.swift; path = Experiment.swift; sourceTree = "<group>"; };
		15CF8142280957D4009C346F /* ExperimentViewModel.swift */ = {isa = PBXFileReference; lastKnownFileType = sourcecode.swift; path = ExperimentViewModel.swift; sourceTree = "<group>"; };
		15CF81452809808E009C346F /* ActionSheetButton.swift */ = {isa = PBXFileReference; lastKnownFileType = sourcecode.swift; path = ActionSheetButton.swift; sourceTree = "<group>"; };
/* End PBXFileReference section */

/* Begin PBXFrameworksBuildPhase section */
		157D3E3F27F6B69C005E8B55 /* Frameworks */ = {
			isa = PBXFrameworksBuildPhase;
			buildActionMask = 2147483647;
			files = (
			);
			runOnlyForDeploymentPostprocessing = 0;
		};
		157D3E4527F6B69C005E8B55 /* Frameworks */ = {
			isa = PBXFrameworksBuildPhase;
			buildActionMask = 2147483647;
			files = (
			);
			runOnlyForDeploymentPostprocessing = 0;
		};
/* End PBXFrameworksBuildPhase section */

/* Begin PBXGroup section */
		157D3E3527F6B698005E8B55 = {
			isa = PBXGroup;
			children = (
				157D3E3A27F6B699005E8B55 /* Shared */,
				157D3E4927F6B69C005E8B55 /* macOS */,
				157D3E4327F6B69C005E8B55 /* Products */,
			);
			sourceTree = "<group>";
		};
		157D3E3A27F6B699005E8B55 /* Shared */ = {
			isa = PBXGroup;
			children = (
				15CF8141280957AF009C346F /* ViewModels */,
				15CF813A280942A9009C346F /* Experiments */,
				157D3E6227F6E886005E8B55 /* Alert */,
				157D3E3B27F6B699005E8B55 /* SwiftUISettingsApp.swift */,
				157D3E3C27F6B699005E8B55 /* SettingsView.swift */,
				157D3E3D27F6B69C005E8B55 /* Assets.xcassets */,
				157D3E5C27F6D759005E8B55 /* SettingsManager.swift */,
				15CF81452809808E009C346F /* ActionSheetButton.swift */,
			);
			path = Shared;
			sourceTree = "<group>";
		};
		157D3E4327F6B69C005E8B55 /* Products */ = {
			isa = PBXGroup;
			children = (
				157D3E4227F6B69C005E8B55 /* SwiftUISettings.app */,
				157D3E4827F6B69C005E8B55 /* SwiftUISettings.app */,
			);
			name = Products;
			sourceTree = "<group>";
		};
		157D3E4927F6B69C005E8B55 /* macOS */ = {
			isa = PBXGroup;
			children = (
				157D3E4A27F6B69C005E8B55 /* macOS.entitlements */,
			);
			path = macOS;
			sourceTree = "<group>";
		};
		157D3E6227F6E886005E8B55 /* Alert */ = {
			isa = PBXGroup;
			children = (
				157D3E5F27F6E434005E8B55 /* AlertView.swift */,
				157D3E6327F6E89E005E8B55 /* AlertViewModel.swift */,
			);
			path = Alert;
			sourceTree = "<group>";
		};
		15CF813A280942A9009C346F /* Experiments */ = {
			isa = PBXGroup;
			children = (
				15CF813B280943D5009C346F /* ExperimentsManager.swift */,
				15CF813E28094D2F009C346F /* Experiment.swift */,
			);
			path = Experiments;
			sourceTree = "<group>";
		};
		15CF8141280957AF009C346F /* ViewModels */ = {
			isa = PBXGroup;
			children = (
				157D3E5927F6CA2A005E8B55 /* SettingsViewModel.swift */,
				15CF8142280957D4009C346F /* ExperimentViewModel.swift */,
			);
			path = ViewModels;
			sourceTree = "<group>";
		};
/* End PBXGroup section */

/* Begin PBXNativeTarget section */
		157D3E4127F6B69C005E8B55 /* SwiftUISettings (iOS) */ = {
			isa = PBXNativeTarget;
			buildConfigurationList = 157D3E5327F6B69C005E8B55 /* Build configuration list for PBXNativeTarget "SwiftUISettings (iOS)" */;
			buildPhases = (
				157D3E3E27F6B69C005E8B55 /* Sources */,
				157D3E3F27F6B69C005E8B55 /* Frameworks */,
				157D3E4027F6B69C005E8B55 /* Resources */,
			);
			buildRules = (
			);
			dependencies = (
			);
			name = "SwiftUISettings (iOS)";
			productName = "SwiftUISettings (iOS)";
			productReference = 157D3E4227F6B69C005E8B55 /* SwiftUISettings.app */;
			productType = "com.apple.product-type.application";
		};
		157D3E4727F6B69C005E8B55 /* SwiftUISettings (macOS) */ = {
			isa = PBXNativeTarget;
			buildConfigurationList = 157D3E5627F6B69C005E8B55 /* Build configuration list for PBXNativeTarget "SwiftUISettings (macOS)" */;
			buildPhases = (
				157D3E4427F6B69C005E8B55 /* Sources */,
				157D3E4527F6B69C005E8B55 /* Frameworks */,
				157D3E4627F6B69C005E8B55 /* Resources */,
			);
			buildRules = (
			);
			dependencies = (
			);
			name = "SwiftUISettings (macOS)";
			productName = "SwiftUISettings (macOS)";
			productReference = 157D3E4827F6B69C005E8B55 /* SwiftUISettings.app */;
			productType = "com.apple.product-type.application";
		};
/* End PBXNativeTarget section */

/* Begin PBXProject section */
		157D3E3627F6B698005E8B55 /* Project object */ = {
			isa = PBXProject;
			attributes = {
				BuildIndependentTargetsInParallel = 1;
				LastSwiftUpdateCheck = 1320;
				LastUpgradeCheck = 1320;
				TargetAttributes = {
					157D3E4127F6B69C005E8B55 = {
						CreatedOnToolsVersion = 13.2.1;
					};
					157D3E4727F6B69C005E8B55 = {
						CreatedOnToolsVersion = 13.2.1;
					};
				};
			};
			buildConfigurationList = 157D3E3927F6B698005E8B55 /* Build configuration list for PBXProject "SwiftUISettings" */;
			compatibilityVersion = "Xcode 13.0";
			developmentRegion = en;
			hasScannedForEncodings = 0;
			knownRegions = (
				en,
				Base,
			);
			mainGroup = 157D3E3527F6B698005E8B55;
			productRefGroup = 157D3E4327F6B69C005E8B55 /* Products */;
			projectDirPath = "";
			projectRoot = "";
			targets = (
				157D3E4127F6B69C005E8B55 /* SwiftUISettings (iOS) */,
				157D3E4727F6B69C005E8B55 /* SwiftUISettings (macOS) */,
			);
		};
/* End PBXProject section */

/* Begin PBXResourcesBuildPhase section */
		157D3E4027F6B69C005E8B55 /* Resources */ = {
			isa = PBXResourcesBuildPhase;
			buildActionMask = 2147483647;
			files = (
				157D3E4F27F6B69C005E8B55 /* Assets.xcassets in Resources */,
			);
			runOnlyForDeploymentPostprocessing = 0;
		};
		157D3E4627F6B69C005E8B55 /* Resources */ = {
			isa = PBXResourcesBuildPhase;
			buildActionMask = 2147483647;
			files = (
				157D3E5027F6B69C005E8B55 /* Assets.xcassets in Resources */,
			);
			runOnlyForDeploymentPostprocessing = 0;
		};
/* End PBXResourcesBuildPhase section */

/* Begin PBXSourcesBuildPhase section */
		157D3E3E27F6B69C005E8B55 /* Sources */ = {
			isa = PBXSourcesBuildPhase;
			buildActionMask = 2147483647;
			files = (
				157D3E6027F6E434005E8B55 /* AlertView.swift in Sources */,
				15CF813C280943D5009C346F /* ExperimentsManager.swift in Sources */,
				157D3E5D27F6D759005E8B55 /* SettingsManager.swift in Sources */,
				15CF8143280957D4009C346F /* ExperimentViewModel.swift in Sources */,
				157D3E4D27F6B69C005E8B55 /* SettingsView.swift in Sources */,
				15CF81462809808E009C346F /* ActionSheetButton.swift in Sources */,
				15CF813F28094D2F009C346F /* Experiment.swift in Sources */,
				157D3E6427F6E89E005E8B55 /* AlertViewModel.swift in Sources */,
				157D3E4B27F6B69C005E8B55 /* SwiftUISettingsApp.swift in Sources */,
				157D3E5A27F6CA2A005E8B55 /* SettingsViewModel.swift in Sources */,
			);
			runOnlyForDeploymentPostprocessing = 0;
		};
		157D3E4427F6B69C005E8B55 /* Sources */ = {
			isa = PBXSourcesBuildPhase;
			buildActionMask = 2147483647;
			files = (
				157D3E6127F6E434005E8B55 /* AlertView.swift in Sources */,
				15CF813D280943D5009C346F /* ExperimentsManager.swift in Sources */,
				157D3E5E27F6D759005E8B55 /* SettingsManager.swift in Sources */,
				15CF8144280957D4009C346F /* ExperimentViewModel.swift in Sources */,
				157D3E4E27F6B69C005E8B55 /* SettingsView.swift in Sources */,
				15CF81472809808E009C346F /* ActionSheetButton.swift in Sources */,
				15CF814028094D2F009C346F /* Experiment.swift in Sources */,
				157D3E6527F6E89E005E8B55 /* AlertViewModel.swift in Sources */,
				157D3E4C27F6B69C005E8B55 /* SwiftUISettingsApp.swift in Sources */,
				157D3E5B27F6CA2A005E8B55 /* SettingsViewModel.swift in Sources */,
			);
			runOnlyForDeploymentPostprocessing = 0;
		};
/* End PBXSourcesBuildPhase section */

/* Begin XCBuildConfiguration section */
		157D3E5127F6B69C005E8B55 /* Debug */ = {
			isa = XCBuildConfiguration;
			buildSettings = {
				ALWAYS_SEARCH_USER_PATHS = NO;
				CLANG_ANALYZER_NONNULL = YES;
				CLANG_ANALYZER_NUMBER_OBJECT_CONVERSION = YES_AGGRESSIVE;
				CLANG_CXX_LANGUAGE_STANDARD = "gnu++17";
				CLANG_CXX_LIBRARY = "libc++";
				CLANG_ENABLE_MODULES = YES;
				CLANG_ENABLE_OBJC_ARC = YES;
				CLANG_ENABLE_OBJC_WEAK = YES;
				CLANG_WARN_BLOCK_CAPTURE_AUTORELEASING = YES;
				CLANG_WARN_BOOL_CONVERSION = YES;
				CLANG_WARN_COMMA = YES;
				CLANG_WARN_CONSTANT_CONVERSION = YES;
				CLANG_WARN_DEPRECATED_OBJC_IMPLEMENTATIONS = YES;
				CLANG_WARN_DIRECT_OBJC_ISA_USAGE = YES_ERROR;
				CLANG_WARN_DOCUMENTATION_COMMENTS = YES;
				CLANG_WARN_EMPTY_BODY = YES;
				CLANG_WARN_ENUM_CONVERSION = YES;
				CLANG_WARN_INFINITE_RECURSION = YES;
				CLANG_WARN_INT_CONVERSION = YES;
				CLANG_WARN_NON_LITERAL_NULL_CONVERSION = YES;
				CLANG_WARN_OBJC_IMPLICIT_RETAIN_SELF = YES;
				CLANG_WARN_OBJC_LITERAL_CONVERSION = YES;
				CLANG_WARN_OBJC_ROOT_CLASS = YES_ERROR;
				CLANG_WARN_QUOTED_INCLUDE_IN_FRAMEWORK_HEADER = YES;
				CLANG_WARN_RANGE_LOOP_ANALYSIS = YES;
				CLANG_WARN_STRICT_PROTOTYPES = YES;
				CLANG_WARN_SUSPICIOUS_MOVE = YES;
				CLANG_WARN_UNGUARDED_AVAILABILITY = YES_AGGRESSIVE;
				CLANG_WARN_UNREACHABLE_CODE = YES;
				CLANG_WARN__DUPLICATE_METHOD_MATCH = YES;
				COPY_PHASE_STRIP = NO;
				DEBUG_INFORMATION_FORMAT = dwarf;
				ENABLE_STRICT_OBJC_MSGSEND = YES;
				ENABLE_TESTABILITY = YES;
				GCC_C_LANGUAGE_STANDARD = gnu11;
				GCC_DYNAMIC_NO_PIC = NO;
				GCC_NO_COMMON_BLOCKS = YES;
				GCC_OPTIMIZATION_LEVEL = 0;
				GCC_PREPROCESSOR_DEFINITIONS = (
					"DEBUG=1",
					"$(inherited)",
				);
				GCC_WARN_64_TO_32_BIT_CONVERSION = YES;
				GCC_WARN_ABOUT_RETURN_TYPE = YES_ERROR;
				GCC_WARN_UNDECLARED_SELECTOR = YES;
				GCC_WARN_UNINITIALIZED_AUTOS = YES_AGGRESSIVE;
				GCC_WARN_UNUSED_FUNCTION = YES;
				GCC_WARN_UNUSED_VARIABLE = YES;
				MTL_ENABLE_DEBUG_INFO = INCLUDE_SOURCE;
				MTL_FAST_MATH = YES;
				ONLY_ACTIVE_ARCH = YES;
				SWIFT_ACTIVE_COMPILATION_CONDITIONS = DEBUG;
				SWIFT_OPTIMIZATION_LEVEL = "-Onone";
			};
			name = Debug;
		};
		157D3E5227F6B69C005E8B55 /* Release */ = {
			isa = XCBuildConfiguration;
			buildSettings = {
				ALWAYS_SEARCH_USER_PATHS = NO;
				CLANG_ANALYZER_NONNULL = YES;
				CLANG_ANALYZER_NUMBER_OBJECT_CONVERSION = YES_AGGRESSIVE;
				CLANG_CXX_LANGUAGE_STANDARD = "gnu++17";
				CLANG_CXX_LIBRARY = "libc++";
				CLANG_ENABLE_MODULES = YES;
				CLANG_ENABLE_OBJC_ARC = YES;
				CLANG_ENABLE_OBJC_WEAK = YES;
				CLANG_WARN_BLOCK_CAPTURE_AUTORELEASING = YES;
				CLANG_WARN_BOOL_CONVERSION = YES;
				CLANG_WARN_COMMA = YES;
				CLANG_WARN_CONSTANT_CONVERSION = YES;
				CLANG_WARN_DEPRECATED_OBJC_IMPLEMENTATIONS = YES;
				CLANG_WARN_DIRECT_OBJC_ISA_USAGE = YES_ERROR;
				CLANG_WARN_DOCUMENTATION_COMMENTS = YES;
				CLANG_WARN_EMPTY_BODY = YES;
				CLANG_WARN_ENUM_CONVERSION = YES;
				CLANG_WARN_INFINITE_RECURSION = YES;
				CLANG_WARN_INT_CONVERSION = YES;
				CLANG_WARN_NON_LITERAL_NULL_CONVERSION = YES;
				CLANG_WARN_OBJC_IMPLICIT_RETAIN_SELF = YES;
				CLANG_WARN_OBJC_LITERAL_CONVERSION = YES;
				CLANG_WARN_OBJC_ROOT_CLASS = YES_ERROR;
				CLANG_WARN_QUOTED_INCLUDE_IN_FRAMEWORK_HEADER = YES;
				CLANG_WARN_RANGE_LOOP_ANALYSIS = YES;
				CLANG_WARN_STRICT_PROTOTYPES = YES;
				CLANG_WARN_SUSPICIOUS_MOVE = YES;
				CLANG_WARN_UNGUARDED_AVAILABILITY = YES_AGGRESSIVE;
				CLANG_WARN_UNREACHABLE_CODE = YES;
				CLANG_WARN__DUPLICATE_METHOD_MATCH = YES;
				COPY_PHASE_STRIP = NO;
				DEBUG_INFORMATION_FORMAT = "dwarf-with-dsym";
				ENABLE_NS_ASSERTIONS = NO;
				ENABLE_STRICT_OBJC_MSGSEND = YES;
				GCC_C_LANGUAGE_STANDARD = gnu11;
				GCC_NO_COMMON_BLOCKS = YES;
				GCC_WARN_64_TO_32_BIT_CONVERSION = YES;
				GCC_WARN_ABOUT_RETURN_TYPE = YES_ERROR;
				GCC_WARN_UNDECLARED_SELECTOR = YES;
				GCC_WARN_UNINITIALIZED_AUTOS = YES_AGGRESSIVE;
				GCC_WARN_UNUSED_FUNCTION = YES;
				GCC_WARN_UNUSED_VARIABLE = YES;
				MTL_ENABLE_DEBUG_INFO = NO;
				MTL_FAST_MATH = YES;
				SWIFT_COMPILATION_MODE = wholemodule;
				SWIFT_OPTIMIZATION_LEVEL = "-O";
			};
			name = Release;
		};
		157D3E5427F6B69C005E8B55 /* Debug */ = {
			isa = XCBuildConfiguration;
			buildSettings = {
				ASSETCATALOG_COMPILER_APPICON_NAME = AppIcon;
				ASSETCATALOG_COMPILER_GLOBAL_ACCENT_COLOR_NAME = AccentColor;
				CODE_SIGN_STYLE = Automatic;
				CURRENT_PROJECT_VERSION = 1;
				ENABLE_PREVIEWS = YES;
				GENERATE_INFOPLIST_FILE = YES;
				INFOPLIST_KEY_UIApplicationSceneManifest_Generation = YES;
				INFOPLIST_KEY_UIApplicationSupportsIndirectInputEvents = YES;
				INFOPLIST_KEY_UILaunchScreen_Generation = YES;
				INFOPLIST_KEY_UISupportedInterfaceOrientations_iPad = "UIInterfaceOrientationPortrait UIInterfaceOrientationPortraitUpsideDown UIInterfaceOrientationLandscapeLeft UIInterfaceOrientationLandscapeRight";
				INFOPLIST_KEY_UISupportedInterfaceOrientations_iPhone = "UIInterfaceOrientationPortrait UIInterfaceOrientationLandscapeLeft UIInterfaceOrientationLandscapeRight";
				IPHONEOS_DEPLOYMENT_TARGET = 15.2;
				LD_RUNPATH_SEARCH_PATHS = (
					"$(inherited)",
					"@executable_path/Frameworks",
				);
				MARKETING_VERSION = 1.0;
				PRODUCT_BUNDLE_IDENTIFIER = test.company.SwiftUISettings;
				PRODUCT_NAME = SwiftUISettings;
				SDKROOT = iphoneos;
				SWIFT_EMIT_LOC_STRINGS = YES;
				SWIFT_VERSION = 5.0;
				TARGETED_DEVICE_FAMILY = "1,2";
			};
			name = Debug;
		};
		157D3E5527F6B69C005E8B55 /* Release */ = {
			isa = XCBuildConfiguration;
			buildSettings = {
				ASSETCATALOG_COMPILER_APPICON_NAME = AppIcon;
				ASSETCATALOG_COMPILER_GLOBAL_ACCENT_COLOR_NAME = AccentColor;
				CODE_SIGN_STYLE = Automatic;
				CURRENT_PROJECT_VERSION = 1;
				ENABLE_PREVIEWS = YES;
				GENERATE_INFOPLIST_FILE = YES;
				INFOPLIST_KEY_UIApplicationSceneManifest_Generation = YES;
				INFOPLIST_KEY_UIApplicationSupportsIndirectInputEvents = YES;
				INFOPLIST_KEY_UILaunchScreen_Generation = YES;
				INFOPLIST_KEY_UISupportedInterfaceOrientations_iPad = "UIInterfaceOrientationPortrait UIInterfaceOrientationPortraitUpsideDown UIInterfaceOrientationLandscapeLeft UIInterfaceOrientationLandscapeRight";
				INFOPLIST_KEY_UISupportedInterfaceOrientations_iPhone = "UIInterfaceOrientationPortrait UIInterfaceOrientationLandscapeLeft UIInterfaceOrientationLandscapeRight";
				IPHONEOS_DEPLOYMENT_TARGET = 15.2;
				LD_RUNPATH_SEARCH_PATHS = (
					"$(inherited)",
					"@executable_path/Frameworks",
				);
				MARKETING_VERSION = 1.0;
				PRODUCT_BUNDLE_IDENTIFIER = test.company.SwiftUISettings;
				PRODUCT_NAME = SwiftUISettings;
				SDKROOT = iphoneos;
				SWIFT_EMIT_LOC_STRINGS = YES;
				SWIFT_VERSION = 5.0;
				TARGETED_DEVICE_FAMILY = "1,2";
				VALIDATE_PRODUCT = YES;
			};
			name = Release;
		};
		157D3E5727F6B69C005E8B55 /* Debug */ = {
			isa = XCBuildConfiguration;
			buildSettings = {
				ASSETCATALOG_COMPILER_APPICON_NAME = AppIcon;
				ASSETCATALOG_COMPILER_GLOBAL_ACCENT_COLOR_NAME = AccentColor;
				CODE_SIGN_ENTITLEMENTS = macOS/macOS.entitlements;
				CODE_SIGN_STYLE = Automatic;
				COMBINE_HIDPI_IMAGES = YES;
				CURRENT_PROJECT_VERSION = 1;
				ENABLE_PREVIEWS = YES;
				GENERATE_INFOPLIST_FILE = YES;
				INFOPLIST_KEY_NSHumanReadableCopyright = "";
				LD_RUNPATH_SEARCH_PATHS = (
					"$(inherited)",
					"@executable_path/../Frameworks",
				);
				MACOSX_DEPLOYMENT_TARGET = 12.0;
				MARKETING_VERSION = 1.0;
				PRODUCT_BUNDLE_IDENTIFIER = test.company.SwiftUISettings;
				PRODUCT_NAME = SwiftUISettings;
				SDKROOT = macosx;
				SWIFT_EMIT_LOC_STRINGS = YES;
				SWIFT_VERSION = 5.0;
			};
			name = Debug;
		};
		157D3E5827F6B69C005E8B55 /* Release */ = {
			isa = XCBuildConfiguration;
			buildSettings = {
				ASSETCATALOG_COMPILER_APPICON_NAME = AppIcon;
				ASSETCATALOG_COMPILER_GLOBAL_ACCENT_COLOR_NAME = AccentColor;
				CODE_SIGN_ENTITLEMENTS = macOS/macOS.entitlements;
				CODE_SIGN_STYLE = Automatic;
				COMBINE_HIDPI_IMAGES = YES;
				CURRENT_PROJECT_VERSION = 1;
				ENABLE_PREVIEWS = YES;
				GENERATE_INFOPLIST_FILE = YES;
				INFOPLIST_KEY_NSHumanReadableCopyright = "";
				LD_RUNPATH_SEARCH_PATHS = (
					"$(inherited)",
					"@executable_path/../Frameworks",
				);
				MACOSX_DEPLOYMENT_TARGET = 12.0;
				MARKETING_VERSION = 1.0;
				PRODUCT_BUNDLE_IDENTIFIER = test.company.SwiftUISettings;
				PRODUCT_NAME = SwiftUISettings;
				SDKROOT = macosx;
				SWIFT_EMIT_LOC_STRINGS = YES;
				SWIFT_VERSION = 5.0;
			};
			name = Release;
		};
/* End XCBuildConfiguration section */

/* Begin XCConfigurationList section */
		157D3E3927F6B698005E8B55 /* Build configuration list for PBXProject "SwiftUISettings" */ = {
			isa = XCConfigurationList;
			buildConfigurations = (
				157D3E5127F6B69C005E8B55 /* Debug */,
				157D3E5227F6B69C005E8B55 /* Release */,
			);
			defaultConfigurationIsVisible = 0;
			defaultConfigurationName = Release;
		};
		157D3E5327F6B69C005E8B55 /* Build configuration list for PBXNativeTarget "SwiftUISettings (iOS)" */ = {
			isa = XCConfigurationList;
			buildConfigurations = (
				157D3E5427F6B69C005E8B55 /* Debug */,
				157D3E5527F6B69C005E8B55 /* Release */,
			);
			defaultConfigurationIsVisible = 0;
			defaultConfigurationName = Release;
		};
		157D3E5627F6B69C005E8B55 /* Build configuration list for PBXNativeTarget "SwiftUISettings (macOS)" */ = {
			isa = XCConfigurationList;
			buildConfigurations = (
				157D3E5727F6B69C005E8B55 /* Debug */,
				157D3E5827F6B69C005E8B55 /* Release */,
			);
			defaultConfigurationIsVisible = 0;
			defaultConfigurationName = Release;
		};
/* End XCConfigurationList section */
	};
	rootObject = 157D3E3627F6B698005E8B55 /* Project object */;
}
